
Microsoft Visual Studio Solution File, Format Version 12.00
# Visual Studio 15
VisualStudioVersion = 15.0.28010.2016
MinimumVisualStudioVersion = 10.0.40219.1
Project("{9A19103F-16F7-4668-BE54-9A1E7A4F7556}") = "EBM.Tests", "EBM.Tests\EBM.Tests.csproj", "{F11FA086-6D6E-4EDA-9BFA-F946E7515354}"
EndProject
Project("{9A19103F-16F7-4668-BE54-9A1E7A4F7556}") = "EBM.Entities", "EBM.Entities\EBM.Entities.csproj", "{00C3B0EE-4CE6-49A8-92A6-8A05B8B1C2CE}"
EndProject
Project("{9A19103F-16F7-4668-BE54-9A1E7A4F7556}") = "EBM.BenefitLogic", "EBM.BenefitLogic\EBM.BenefitLogic.csproj", "{12AB2483-31B6-4BAF-938B-CF1ADD4DC775}"
EndProject
Project("{9A19103F-16F7-4668-BE54-9A1E7A4F7556}") = "EBM.PaycheckLogic", "EBM.PaycheckLogic\EBM.PaycheckLogic.csproj", "{08B99EA8-6A50-43A0-AF2D-B68DAB10D8F9}"
EndProject
Project("{9A19103F-16F7-4668-BE54-9A1E7A4F7556}") = "EBM.Api", "EBM.Api\EBM.Api.csproj", "{F192F3FC-527D-41DE-A626-E1C39B8AF48F}"
EndProject
Project("{9A19103F-16F7-4668-BE54-9A1E7A4F7556}") = "EBM.Data", "EBM.Data\EBM.Data.csproj", "{9F1E65E3-5FA9-489D-841E-71E9EB8D802D}"
EndProject
Project("{2150E333-8FDC-42A3-9474-1A3956D46DE8}") = "Solution Items", "Solution Items", "{394A4603-A2DA-47B2-8ECB-335C11124E6D}"
	ProjectSection(SolutionItems) = preProject
		.cfignore = .cfignore
		.deployment = .deployment
		manifest.yml = manifest.yml
	EndProjectSection
EndProject
Global
	GlobalSection(SolutionConfigurationPlatforms) = preSolution
		Debug|Any CPU = Debug|Any CPU
		Release|Any CPU = Release|Any CPU
	EndGlobalSection
	GlobalSection(ProjectConfigurationPlatforms) = postSolution
		{F11FA086-6D6E-4EDA-9BFA-F946E7515354}.Debug|Any CPU.ActiveCfg = Debug|Any CPU
		{F11FA086-6D6E-4EDA-9BFA-F946E7515354}.Debug|Any CPU.Build.0 = Debug|Any CPU
		{F11FA086-6D6E-4EDA-9BFA-F946E7515354}.Release|Any CPU.ActiveCfg = Release|Any CPU
		{F11FA086-6D6E-4EDA-9BFA-F946E7515354}.Release|Any CPU.Build.0 = Release|Any CPU
		{00C3B0EE-4CE6-49A8-92A6-8A05B8B1C2CE}.Debug|Any CPU.ActiveCfg = Debug|Any CPU
		{00C3B0EE-4CE6-49A8-92A6-8A05B8B1C2CE}.Debug|Any CPU.Build.0 = Debug|Any CPU
		{00C3B0EE-4CE6-49A8-92A6-8A05B8B1C2CE}.Release|Any CPU.ActiveCfg = Release|Any CPU
		{00C3B0EE-4CE6-49A8-92A6-8A05B8B1C2CE}.Release|Any CPU.Build.0 = Release|Any CPU
		{12AB2483-31B6-4BAF-938B-CF1ADD4DC775}.Debug|Any CPU.ActiveCfg = Debug|Any CPU
		{12AB2483-31B6-4BAF-938B-CF1ADD4DC775}.Debug|Any CPU.Build.0 = Debug|Any CPU
		{12AB2483-31B6-4BAF-938B-CF1ADD4DC775}.Release|Any CPU.ActiveCfg = Release|Any CPU
		{12AB2483-31B6-4BAF-938B-CF1ADD4DC775}.Release|Any CPU.Build.0 = Release|Any CPU
		{08B99EA8-6A50-43A0-AF2D-B68DAB10D8F9}.Debug|Any CPU.ActiveCfg = Debug|Any CPU
		{08B99EA8-6A50-43A0-AF2D-B68DAB10D8F9}.Debug|Any CPU.Build.0 = Debug|Any CPU
		{08B99EA8-6A50-43A0-AF2D-B68DAB10D8F9}.Release|Any CPU.ActiveCfg = Release|Any CPU
		{08B99EA8-6A50-43A0-AF2D-B68DAB10D8F9}.Release|Any CPU.Build.0 = Release|Any CPU
		{F192F3FC-527D-41DE-A626-E1C39B8AF48F}.Debug|Any CPU.ActiveCfg = Debug|Any CPU
		{F192F3FC-527D-41DE-A626-E1C39B8AF48F}.Debug|Any CPU.Build.0 = Debug|Any CPU
		{F192F3FC-527D-41DE-A626-E1C39B8AF48F}.Release|Any CPU.ActiveCfg = Release|Any CPU
		{F192F3FC-527D-41DE-A626-E1C39B8AF48F}.Release|Any CPU.Build.0 = Release|Any CPU
		{9F1E65E3-5FA9-489D-841E-71E9EB8D802D}.Debug|Any CPU.ActiveCfg = Debug|Any CPU
		{9F1E65E3-5FA9-489D-841E-71E9EB8D802D}.Debug|Any CPU.Build.0 = Debug|Any CPU
		{9F1E65E3-5FA9-489D-841E-71E9EB8D802D}.Release|Any CPU.ActiveCfg = Release|Any CPU
		{9F1E65E3-5FA9-489D-841E-71E9EB8D802D}.Release|Any CPU.Build.0 = Release|Any CPU
	EndGlobalSection
	GlobalSection(SolutionProperties) = preSolution
		HideSolutionNode = FALSE
	EndGlobalSection
	GlobalSection(ExtensibilityGlobals) = postSolution
		SolutionGuid = {C98E5A90-A52C-410A-8AE2-CE419637DAD1}
	EndGlobalSection
EndGlobal
